{
  "name": "test",
  "lockfileVersion": 3,
  "requires": true,
  "packages": {
    "": {
      "devDependencies": {
        "@skynetv5/zadanie2": "file:../Zadanie2"
      }
    },
    "../Zadanie2": {
      "version": "1.0.2",
      "dev": true,
      "license": "ISC",
      "devDependencies": {
        "eslint": "^9.16.0",
        "parcel": "^2.13.2",
        "prettier": "^3.4.2"
      }
    },
    "node_modules/@skynetv5/zadanie2": {
      "resolved": "../Zadanie2",
      "link": true
    }
  }
}
